{
  "nodes": {
    "flake-utils": {
      "locked": {
        "lastModified": 1649676176,
        "narHash": "sha256-OWKJratjt2RW151VUlJPRALb7OU2S5s+f0vLj4o1bHM=",
        "owner": "numtide",
        "repo": "flake-utils",
        "rev": "a4b154ebbdc88c8498a5c7b01589addc9e9cb678",
        "type": "github"
      },
      "original": {
        "owner": "numtide",
        "repo": "flake-utils",
        "type": "github"
      }
    },
    "nixpkgs": {
      "inputs": {
        "flake-utils": [
          "flake-utils"
        ],
        "nixpkgs": "nixpkgs_2"
      },
      "locked": {
        "lastModified": 1651647913,
        "narHash": "sha256-UzrIsA+3jkfkPUL26MMFJK0TzIzXRXtjbWh2EajJPqs=",
        "owner": "anmonteiro",
        "repo": "nix-overlays",
        "rev": "37f6a73908e9aceb6222cf1e1c571d837c12c3e5",
        "type": "github"
      },
      "original": {
        "owner": "anmonteiro",
        "repo": "nix-overlays",
        "type": "github"
      }
    },
    "nixpkgs_2": {
      "locked": {
        "lastModified": 1651571043,
        "narHash": "sha256-3PAjKbf8ZntRvDDn/VZIKrF4qh7ltZAUmTImRAp0D9o=",
        "owner": "NixOS",
        "repo": "nixpkgs",
        "rev": "d33eace057c830a5c1b43914d1e4287f7db605bb",
        "type": "github"
      },
      "original": {
        "owner": "NixOS",
        "repo": "nixpkgs",
        "rev": "d33eace057c830a5c1b43914d1e4287f7db605bb",
        "type": "github"
      }
    },
    "root": {
      "inputs": {
        "flake-utils": "flake-utils",
        "nixpkgs": "nixpkgs"
      }
    }
  },
  "root": "root",
  "version": 7
}
